
Microsoft Visual Studio Solution File, Format Version 12.00
# Visual Studio Version 17
VisualStudioVersion = 17.6.33829.357
MinimumVisualStudioVersion = 10.0.40219.1
Project("{9A19103F-16F7-4668-BE54-9A1E7A4F7556}") = "FineWoodworkingBasic", "FineWoodworkingBasic\FineWoodworkingBasic.csproj", "{2B201A02-7701-428B-9C7C-E3F4EC2EF072}"
EndProject
Global
	GlobalSection(SolutionConfigurationPlatforms) = preSolution
		Debug|Any CPU = Debug|Any CPU
		Release|Any CPU = Release|Any CPU
	EndGlobalSection
	GlobalSection(ProjectConfigurationPlatforms) = postSolution
		{2B201A02-7701-428B-9C7C-E3F4EC2EF072}.Debug|Any CPU.ActiveCfg = Debug|Any CPU
		{2B201A02-7701-428B-9C7C-E3F4EC2EF072}.Debug|Any CPU.Build.0 = Debug|Any CPU
		{2B201A02-7701-428B-9C7C-E3F4EC2EF072}.Release|Any CPU.ActiveCfg = Release|Any CPU
		{2B201A02-7701-428B-9C7C-E3F4EC2EF072}.Release|Any CPU.Build.0 = Release|Any CPU
	EndGlobalSection
	GlobalSection(SolutionProperties) = preSolution
		HideSolutionNode = FALSE
	EndGlobalSection
	GlobalSection(ExtensibilityGlobals) = postSolution
		SolutionGuid = {5F7CC081-A8E7-4A0E-A30E-5318FB94B8C7}
	EndGlobalSection
EndGlobal
